{
  "object": {
    "pins": [
      {
        "package": "TreeSitter",
        "repositoryURL": "https://github.com/imfuxiao/tree-sitter",
        "state": {
          "branch": null,
          "revision": "6a0ebb535280232d734f3badd7e651d07106967b",
          "version": "0.26.102"
        }
      }
    ]
  },
  "version": 1
}
