{
  "object": {
    "pins": [
      {
        "package": "TreeSitter",
        "repositoryURL": "https://github.com/imfuxiao/tree-sitter",
        "state": {
          "branch": null,
          "revision": "b8cfaaa0c1c559aa2f0d6738d7a841bb4d4201e5",
          "version": "0.26.101"
        }
      }
    ]
  },
  "version": 1
}
